
Microsoft Visual Studio Solution File, Format Version 12.00
# Visual Studio Version 17
VisualStudioVersion = 17.6.33723.286
MinimumVisualStudioVersion = 10.0.40219.1
Project("{9A19103F-16F7-4668-BE54-9A1E7A4F7556}") = "MiPrimerApp", "MiPrimerApp\MiPrimerApp.csproj", "{F8BE93E1-885C-4E5E-AD55-339BF8AFE18F}"
EndProject
Project("{9A19103F-16F7-4668-BE54-9A1E7A4F7556}") = "EstructurasRepetitivas", "EstructurasRepetitivas\EstructurasRepetitivas.csproj", "{E938109B-56EC-4900-B520-2D95797123F6}"
EndProject
Project("{9A19103F-16F7-4668-BE54-9A1E7A4F7556}") = "ProyectoIntegrador", "ProyectoIntegrador\ProyectoIntegrador.csproj", "{32EB7175-DE20-415A-A07D-3709C62D3186}"
EndProject
Project("{9A19103F-16F7-4668-BE54-9A1E7A4F7556}") = "Arrays1D", "ConsoleApp1\Arrays1D.csproj", "{B5E73273-58F2-4490-9104-2D6A67902C98}"
EndProject
Project("{9A19103F-16F7-4668-BE54-9A1E7A4F7556}") = "IngresePassword", "IngresePassword\IngresePassword.csproj", "{0716C20B-8201-41E6-8084-5FCE1EE6E75F}"
EndProject
Project("{FAE04EC0-301F-11D3-BF4B-00C04F79EFBC}") = "Arrays2D", "Arrays2D\Arrays2D.csproj", "{4FA9DE62-92D9-4848-A86D-7B169B8567D3}"
EndProject
Project("{FAE04EC0-301F-11D3-BF4B-00C04F79EFBC}") = "IMCPlatform", "Metodos\IMCPlatform.csproj", "{DBC81F44-9275-4F0D-88D5-40476C0AAA2D}"
EndProject
Global
	GlobalSection(SolutionConfigurationPlatforms) = preSolution
		Debug|Any CPU = Debug|Any CPU
		Release|Any CPU = Release|Any CPU
	EndGlobalSection
	GlobalSection(ProjectConfigurationPlatforms) = postSolution
		{F8BE93E1-885C-4E5E-AD55-339BF8AFE18F}.Debug|Any CPU.ActiveCfg = Debug|Any CPU
		{F8BE93E1-885C-4E5E-AD55-339BF8AFE18F}.Debug|Any CPU.Build.0 = Debug|Any CPU
		{F8BE93E1-885C-4E5E-AD55-339BF8AFE18F}.Release|Any CPU.ActiveCfg = Release|Any CPU
		{F8BE93E1-885C-4E5E-AD55-339BF8AFE18F}.Release|Any CPU.Build.0 = Release|Any CPU
		{E938109B-56EC-4900-B520-2D95797123F6}.Debug|Any CPU.ActiveCfg = Debug|Any CPU
		{E938109B-56EC-4900-B520-2D95797123F6}.Debug|Any CPU.Build.0 = Debug|Any CPU
		{E938109B-56EC-4900-B520-2D95797123F6}.Release|Any CPU.ActiveCfg = Release|Any CPU
		{E938109B-56EC-4900-B520-2D95797123F6}.Release|Any CPU.Build.0 = Release|Any CPU
		{32EB7175-DE20-415A-A07D-3709C62D3186}.Debug|Any CPU.ActiveCfg = Debug|Any CPU
		{32EB7175-DE20-415A-A07D-3709C62D3186}.Debug|Any CPU.Build.0 = Debug|Any CPU
		{32EB7175-DE20-415A-A07D-3709C62D3186}.Release|Any CPU.ActiveCfg = Release|Any CPU
		{32EB7175-DE20-415A-A07D-3709C62D3186}.Release|Any CPU.Build.0 = Release|Any CPU
		{B5E73273-58F2-4490-9104-2D6A67902C98}.Debug|Any CPU.ActiveCfg = Debug|Any CPU
		{B5E73273-58F2-4490-9104-2D6A67902C98}.Debug|Any CPU.Build.0 = Debug|Any CPU
		{B5E73273-58F2-4490-9104-2D6A67902C98}.Release|Any CPU.ActiveCfg = Release|Any CPU
		{B5E73273-58F2-4490-9104-2D6A67902C98}.Release|Any CPU.Build.0 = Release|Any CPU
		{0716C20B-8201-41E6-8084-5FCE1EE6E75F}.Debug|Any CPU.ActiveCfg = Debug|Any CPU
		{0716C20B-8201-41E6-8084-5FCE1EE6E75F}.Debug|Any CPU.Build.0 = Debug|Any CPU
		{0716C20B-8201-41E6-8084-5FCE1EE6E75F}.Release|Any CPU.ActiveCfg = Release|Any CPU
		{0716C20B-8201-41E6-8084-5FCE1EE6E75F}.Release|Any CPU.Build.0 = Release|Any CPU
		{4FA9DE62-92D9-4848-A86D-7B169B8567D3}.Debug|Any CPU.ActiveCfg = Debug|Any CPU
		{4FA9DE62-92D9-4848-A86D-7B169B8567D3}.Debug|Any CPU.Build.0 = Debug|Any CPU
		{4FA9DE62-92D9-4848-A86D-7B169B8567D3}.Release|Any CPU.ActiveCfg = Release|Any CPU
		{4FA9DE62-92D9-4848-A86D-7B169B8567D3}.Release|Any CPU.Build.0 = Release|Any CPU
		{DBC81F44-9275-4F0D-88D5-40476C0AAA2D}.Debug|Any CPU.ActiveCfg = Debug|Any CPU
		{DBC81F44-9275-4F0D-88D5-40476C0AAA2D}.Debug|Any CPU.Build.0 = Debug|Any CPU
		{DBC81F44-9275-4F0D-88D5-40476C0AAA2D}.Release|Any CPU.ActiveCfg = Release|Any CPU
		{DBC81F44-9275-4F0D-88D5-40476C0AAA2D}.Release|Any CPU.Build.0 = Release|Any CPU
	EndGlobalSection
	GlobalSection(SolutionProperties) = preSolution
		HideSolutionNode = FALSE
	EndGlobalSection
	GlobalSection(ExtensibilityGlobals) = postSolution
		SolutionGuid = {1CE6275B-05B3-4777-9D0F-90ED687F1590}
	EndGlobalSection
EndGlobal
